
Microsoft Visual Studio Solution File, Format Version 12.00
# Visual Studio Version 16
VisualStudioVersion = 16.0.30002.166
MinimumVisualStudioVersion = 10.0.40219.1
Project("{9A19103F-16F7-4668-BE54-9A1E7A4F7556}") = "COVID19.Tracker", "COVID19.Tracker\COVID19.Tracker.csproj", "{272AE74D-B972-4C7A-AE3C-75F89E902B3B}"
EndProject
Project("{FAE04EC0-301F-11D3-BF4B-00C04F79EFBC}") = "COVID19.Tracker.Core", "COVID19.Tracker.Core\COVID19.Tracker.Core.csproj", "{0D52F426-C5BF-40A3-8DB2-40C3ABA2027D}"
EndProject
Project("{FAE04EC0-301F-11D3-BF4B-00C04F79EFBC}") = "COVID19.Tracker.Data", "COVID19.Tracker.Data\COVID19.Tracker.Data.csproj", "{1FF00586-0A04-4DCC-AA0C-E8C78FF9F055}"
EndProject
Global
	GlobalSection(SolutionConfigurationPlatforms) = preSolution
		Debug|Any CPU = Debug|Any CPU
		Release|Any CPU = Release|Any CPU
	EndGlobalSection
	GlobalSection(ProjectConfigurationPlatforms) = postSolution
		{272AE74D-B972-4C7A-AE3C-75F89E902B3B}.Debug|Any CPU.ActiveCfg = Debug|Any CPU
		{272AE74D-B972-4C7A-AE3C-75F89E902B3B}.Debug|Any CPU.Build.0 = Debug|Any CPU
		{272AE74D-B972-4C7A-AE3C-75F89E902B3B}.Release|Any CPU.ActiveCfg = Release|Any CPU
		{272AE74D-B972-4C7A-AE3C-75F89E902B3B}.Release|Any CPU.Build.0 = Release|Any CPU
		{0D52F426-C5BF-40A3-8DB2-40C3ABA2027D}.Debug|Any CPU.ActiveCfg = Debug|Any CPU
		{0D52F426-C5BF-40A3-8DB2-40C3ABA2027D}.Debug|Any CPU.Build.0 = Debug|Any CPU
		{0D52F426-C5BF-40A3-8DB2-40C3ABA2027D}.Release|Any CPU.ActiveCfg = Release|Any CPU
		{0D52F426-C5BF-40A3-8DB2-40C3ABA2027D}.Release|Any CPU.Build.0 = Release|Any CPU
		{1FF00586-0A04-4DCC-AA0C-E8C78FF9F055}.Debug|Any CPU.ActiveCfg = Debug|Any CPU
		{1FF00586-0A04-4DCC-AA0C-E8C78FF9F055}.Debug|Any CPU.Build.0 = Debug|Any CPU
		{1FF00586-0A04-4DCC-AA0C-E8C78FF9F055}.Release|Any CPU.ActiveCfg = Release|Any CPU
		{1FF00586-0A04-4DCC-AA0C-E8C78FF9F055}.Release|Any CPU.Build.0 = Release|Any CPU
	EndGlobalSection
	GlobalSection(SolutionProperties) = preSolution
		HideSolutionNode = FALSE
	EndGlobalSection
	GlobalSection(ExtensibilityGlobals) = postSolution
		SolutionGuid = {66E8DE12-3424-4FDF-BED7-9FCD59FB8174}
	EndGlobalSection
EndGlobal
